
Microsoft Visual Studio Solution File, Format Version 12.00
# Visual Studio 2015
Project("{FAE04EC0-301F-11D3-BF4B-00C04F79EFBC}") = "Virus Runner.CSharp", "Virus Runner.CSharp.csproj", "{82948AA1-1B46-3A2E-D32E-F3C0780BF2FC}"
EndProject
Project("{FAE04EC0-301F-11D3-BF4B-00C04F79EFBC}") = "Virus Runner.CSharp.Editor", "Virus Runner.CSharp.Editor.csproj", "{7BCCA285-D56E-2CC7-43E1-2E3B1EE57E97}"
EndProject
Global
	GlobalSection(SolutionConfigurationPlatforms) = preSolution
		Debug|Any CPU = Debug|Any CPU
		Release|Any CPU = Release|Any CPU
	EndGlobalSection
	GlobalSection(ProjectConfigurationPlatforms) = postSolution
		{82948AA1-1B46-3A2E-D32E-F3C0780BF2FC}.Debug|Any CPU.ActiveCfg = Debug|Any CPU
		{82948AA1-1B46-3A2E-D32E-F3C0780BF2FC}.Debug|Any CPU.Build.0 = Debug|Any CPU
		{82948AA1-1B46-3A2E-D32E-F3C0780BF2FC}.Release|Any CPU.ActiveCfg = Release|Any CPU
		{82948AA1-1B46-3A2E-D32E-F3C0780BF2FC}.Release|Any CPU.Build.0 = Release|Any CPU
		{7BCCA285-D56E-2CC7-43E1-2E3B1EE57E97}.Debug|Any CPU.ActiveCfg = Debug|Any CPU
		{7BCCA285-D56E-2CC7-43E1-2E3B1EE57E97}.Debug|Any CPU.Build.0 = Debug|Any CPU
		{7BCCA285-D56E-2CC7-43E1-2E3B1EE57E97}.Release|Any CPU.ActiveCfg = Release|Any CPU
		{7BCCA285-D56E-2CC7-43E1-2E3B1EE57E97}.Release|Any CPU.Build.0 = Release|Any CPU
	EndGlobalSection
	GlobalSection(SolutionProperties) = preSolution
		HideSolutionNode = FALSE
	EndGlobalSection
EndGlobal
